github.com/reach-sh/reach-lang/rpc-client/go v0.0.0-20210802132843-c5727dff87f0 h1:AxLNUdvffkpq69JDxsgeEJOOb3x/uOhbnHfyFVpa6qE=
github.com/reach-sh/reach-lang/rpc-client/go v0.0.0-20210802132843-c5727dff87f0/go.mod h1:DYBIr+GSAkPzI//9ndzL+tHhhCNPzwQ2HMOTyo/6nmk=
github.com/reach-sh/reach-lang/rpc-client/go v0.0.0-20210827152956-63711e8dbb63 h1:LMSwEC6XqKEp99nJ8+nxCbJOS73e+M3T/l1hrvmNoqw=
github.com/reach-sh/reach-lang/rpc-client/go v0.0.0-20210827152956-63711e8dbb63/go.mod h1:DYBIr+GSAkPzI//9ndzL+tHhhCNPzwQ2HMOTyo/6nmk=
github.com/reach-sh/reach-lang/rpc-client/go v0.0.0-20210830150455-39d499e160e9 h1:lQLKb7bVB1sVOVnOnfmmD2CP82ZJ/cKah19cMRjVq9M=
github.com/reach-sh/reach-lang/rpc-client/go v0.0.0-20210830150455-39d499e160e9/go.mod h1:DYBIr+GSAkPzI//9ndzL+tHhhCNPzwQ2HMOTyo/6nmk=
github.com/reach-sh/reach-lang/rpc-client/go v0.0.0-20210830184656-0e597918a852 h1:d1c5GsobgVMVjCJAsC0EKLU0Zn4P8gDjZ/Z7+V+rW5Q=
github.com/reach-sh/reach-lang/rpc-client/go v0.0.0-20210830184656-0e597918a852/go.mod h1:DYBIr+GSAkPzI//9ndzL+tHhhCNPzwQ2HMOTyo/6nmk=
github.com/reach-sh/reach-lang/rpc-client/go v0.0.0-20210901141127-1dc9285228f6 h1:Ohn45qZcj/fMqcT+TNuWeyqClX8YxXwemlJffYAZ7uY=
github.com/reach-sh/reach-lang/rpc-client/go v0.0.0-20210901141127-1dc9285228f6/go.mod h1:DYBIr+GSAkPzI//9ndzL+tHhhCNPzwQ2HMOTyo/6nmk=
github.com/reach-sh/reach-lang/rpc-client/go v0.0.0-20210901202249-7e2f63e96d0f h1:WnXf6Wm64X4pLg4JKEKx2bWmg3JneTd9I69KHq0rQPU=
github.com/reach-sh/reach-lang/rpc-client/go v0.0.0-20210901202249-7e2f63e96d0f/go.mod h1:DYBIr+GSAkPzI//9ndzL+tHhhCNPzwQ2HMOTyo/6nmk=
github.com/reach-sh/reach-lang/rpc-client/go v0.0.0-20210902165109-6dd84386e2a2 h1:AxOazqBS/vMs/NIffEtEYuC7/S0h+oz0kqPmKZ59xAY=
github.com/reach-sh/reach-lang/rpc-client/go v0.0.0-20210902165109-6dd84386e2a2/go.mod h1:DYBIr+GSAkPzI//9ndzL+tHhhCNPzwQ2HMOTyo/6nmk=
github.com/reach-sh/reach-lang/rpc-client/go v0.0.0-20210902234802-06c39c50becf h1:i1REV5uKdVFfb+5IZRosjzd50kAQn5HrtDEnL/dv05s=
github.com/reach-sh/reach-lang/rpc-client/go v0.0.0-20210902234802-06c39c50becf/go.mod h1:DYBIr+GSAkPzI//9ndzL+tHhhCNPzwQ2HMOTyo/6nmk=
github.com/reach-sh/reach-lang/rpc-client/go v0.0.0-20210917124138-72788b6dec6e h1:oJRxi7RbXqb03GEtjoZLySW0gDn4GCbupkpDVyLdwCE=
github.com/reach-sh/reach-lang/rpc-client/go v0.0.0-20210917124138-72788b6dec6e/go.mod h1:DYBIr+GSAkPzI//9ndzL+tHhhCNPzwQ2HMOTyo/6nmk=
github.com/reach-sh/reach-lang/rpc-client/go v0.0.0-20210920133507-b5ffe62ddb97 h1:5ORTGt5gAmjV7Tjrgc0AYG0QLgr1zNqZQGUJA80ez7g=
github.com/reach-sh/reach-lang/rpc-client/go v0.0.0-20210920133507-b5ffe62ddb97/go.mod h1:DYBIr+GSAkPzI//9ndzL+tHhhCNPzwQ2HMOTyo/6nmk=
github.com/reach-sh/reach-lang/rpc-client/go v0.0.0-20211101214012-816269ef9956 h1:SmW1p9o0aQU7QDUWrnbeLjpvSdlymslu5GQCZGm1WmA=
github.com/reach-sh/reach-lang/rpc-client/go v0.0.0-20211101214012-816269ef9956/go.mod h1:DYBIr+GSAkPzI//9ndzL+tHhhCNPzwQ2HMOTyo/6nmk=
github.com/reach-sh/reach-lang/rpc-client/go v0.0.0-20211102191730-0fe6ba8e75b7 h1:BVzFBB6A46T1K7pRjt2A/V+EbJFbbEDnRsMDla67h2g=
github.com/reach-sh/reach-lang/rpc-client/go v0.0.0-20211102191730-0fe6ba8e75b7/go.mod h1:DYBIr+GSAkPzI//9ndzL+tHhhCNPzwQ2HMOTyo/6nmk=
github.com/reach-sh/reach-lang/rpc-client/go v0.0.0-20211104162458-b4b6e28d57a6 h1:OMUW9U2gXrFF0a/8IwEnfTsnKluXXeHdwJ1E7o0W3lc=
github.com/reach-sh/reach-lang/rpc-client/go v0.0.0-20211104162458-b4b6e28d57a6/go.mod h1:DYBIr+GSAkPzI//9ndzL+tHhhCNPzwQ2HMOTyo/6nmk=
github.com/reach-sh/reach-lang/rpc-client/go v0.0.0-20211105134600-86c6dc84e7fa h1:E8oKAbymBY3qDEM6HR6Inu0yW0uU/RaO6br/Sj7qL88=
github.com/reach-sh/reach-lang/rpc-client/go v0.0.0-20211105134600-86c6dc84e7fa/go.mod h1:DYBIr+GSAkPzI//9ndzL+tHhhCNPzwQ2HMOTyo/6nmk=
github.com/reach-sh/reach-lang/rpc-client/go v0.0.0-20220315185726-216924ccb21e h1:6UJjX1L8/PpCLuypWQZuYuQYGC+HI/II4n61S/QZIlc=
github.com/reach-sh/reach-lang/rpc-client/go v0.0.0-20220315185726-216924ccb21e/go.mod h1:DYBIr+GSAkPzI//9ndzL+tHhhCNPzwQ2HMOTyo/6nmk=
github.com/reach-sh/reach-lang/rpc-client/go v0.0.0-20220319184337-26cc10b8dbe6 h1:i2QYw4zJ4QRpwrdTAgDnpHFbmkqRcRzNJOBdffU19I8=
github.com/reach-sh/reach-lang/rpc-client/go v0.0.0-20220319184337-26cc10b8dbe6/go.mod h1:DYBIr+GSAkPzI//9ndzL+tHhhCNPzwQ2HMOTyo/6nmk=
