
Microsoft Visual Studio Solution File, Format Version 12.00
# Visual Studio Version 16
VisualStudioVersion = 16.0.810.15
MinimumVisualStudioVersion = 10.0.40219.1
Project("{FAE04EC0-301F-11D3-BF4B-00C04F79EFBC}") = "lib", "lib.csproj", "{EA768CE9-ADCE-45D6-B65E-173A9B94E2D3}"
EndProject
Global
	GlobalSection(SolutionConfigurationPlatforms) = preSolution
		Debug|Any CPU = Debug|Any CPU
		Release|Any CPU = Release|Any CPU
	EndGlobalSection
	GlobalSection(ProjectConfigurationPlatforms) = postSolution
		{EA768CE9-ADCE-45D6-B65E-173A9B94E2D3}.Debug|Any CPU.ActiveCfg = Debug|Any CPU
		{EA768CE9-ADCE-45D6-B65E-173A9B94E2D3}.Debug|Any CPU.Build.0 = Debug|Any CPU
		{EA768CE9-ADCE-45D6-B65E-173A9B94E2D3}.Release|Any CPU.ActiveCfg = Release|Any CPU
		{EA768CE9-ADCE-45D6-B65E-173A9B94E2D3}.Release|Any CPU.Build.0 = Release|Any CPU
	EndGlobalSection
	GlobalSection(SolutionProperties) = preSolution
		HideSolutionNode = FALSE
	EndGlobalSection
	GlobalSection(ExtensibilityGlobals) = postSolution
		SolutionGuid = {84BEDB92-E8E3-4054-8968-545A6166ECAC}
	EndGlobalSection
EndGlobal
